
Microsoft Visual Studio Solution File, Format Version 12.00
# Visual Studio 2013
VisualStudioVersion = 12.0.40629.0
MinimumVisualStudioVersion = 10.0.40219.1
Project("{FAE04EC0-301F-11D3-BF4B-00C04F79EFBC}") = "UsingFactories", "UsingFactories\UsingFactories.csproj", "{FD790EF9-3FB5-44F6-B955-483D0F4B1722}"
EndProject
Project("{FAE04EC0-301F-11D3-BF4B-00C04F79EFBC}") = "MultipleConstructors", "MultipleConstructors\MultipleConstructors.csproj", "{4B856440-2997-4DB5-BC2B-45AA7A77640A}"
EndProject
Global
	GlobalSection(SolutionConfigurationPlatforms) = preSolution
		Debug|Any CPU = Debug|Any CPU
		Release|Any CPU = Release|Any CPU
	EndGlobalSection
	GlobalSection(ProjectConfigurationPlatforms) = postSolution
		{FD790EF9-3FB5-44F6-B955-483D0F4B1722}.Debug|Any CPU.ActiveCfg = Debug|Any CPU
		{FD790EF9-3FB5-44F6-B955-483D0F4B1722}.Debug|Any CPU.Build.0 = Debug|Any CPU
		{FD790EF9-3FB5-44F6-B955-483D0F4B1722}.Release|Any CPU.ActiveCfg = Release|Any CPU
		{FD790EF9-3FB5-44F6-B955-483D0F4B1722}.Release|Any CPU.Build.0 = Release|Any CPU
		{4B856440-2997-4DB5-BC2B-45AA7A77640A}.Debug|Any CPU.ActiveCfg = Debug|Any CPU
		{4B856440-2997-4DB5-BC2B-45AA7A77640A}.Debug|Any CPU.Build.0 = Debug|Any CPU
		{4B856440-2997-4DB5-BC2B-45AA7A77640A}.Release|Any CPU.ActiveCfg = Release|Any CPU
		{4B856440-2997-4DB5-BC2B-45AA7A77640A}.Release|Any CPU.Build.0 = Release|Any CPU
	EndGlobalSection
	GlobalSection(SolutionProperties) = preSolution
		HideSolutionNode = FALSE
	EndGlobalSection
EndGlobal
